// !$*UTF8*$!
{
	archiveVersion = 1;
	classes = {
	};
	objectVersion = 50;
	objects = {

/* Begin PBXBuildFile section */
		574AC95A263DB5A50048276B /* AppDelegate.swift in Sources */ = {isa = PBXBuildFile; fileRef = 574AC959263DB5A50048276B /* AppDelegate.swift */; };
		574AC95C263DB5A50048276B /* SceneDelegate.swift in Sources */ = {isa = PBXBuildFile; fileRef = 574AC95B263DB5A50048276B /* SceneDelegate.swift */; };
		574AC95E263DB5A50048276B /* ViewController.swift in Sources */ = {isa = PBXBuildFile; fileRef = 574AC95D263DB5A50048276B /* ViewController.swift */; };
		574AC961263DB5A50048276B /* Main.storyboard in Resources */ = {isa = PBXBuildFile; fileRef = 574AC95F263DB5A50048276B /* Main.storyboard */; };
		574AC963263DB5A60048276B /* Assets.xcassets in Resources */ = {isa = PBXBuildFile; fileRef = 574AC962263DB5A60048276B /* Assets.xcassets */; };
		574AC966263DB5A60048276B /* LaunchScreen.storyboard in Resources */ = {isa = PBXBuildFile; fileRef = 574AC964263DB5A60048276B /* LaunchScreen.storyboard */; };
		576799202657EFA200289D57 /* ThirstySoftRegular.otf in Resources */ = {isa = PBXBuildFile; fileRef = 5767991F2657EFA200289D57 /* ThirstySoftRegular.otf */; };
		576799222657EFA900289D57 /* Delm-Medium.otf in Resources */ = {isa = PBXBuildFile; fileRef = 576799212657EFA900289D57 /* Delm-Medium.otf */; };
		578E4CD72670BD3E00B58691 /* EnumDirection.swift in Sources */ = {isa = PBXBuildFile; fileRef = 578E4CD62670BD3E00B58691 /* EnumDirection.swift */; };
		578E4CDA2670BF8F00B58691 /* UIImageExtension.swift in Sources */ = {isa = PBXBuildFile; fileRef = 578E4CD92670BF8F00B58691 /* UIImageExtension.swift */; };
/* End PBXBuildFile section */

/* Begin PBXFileReference section */
		574AC956263DB5A50048276B /* Instagrid.app */ = {isa = PBXFileReference; explicitFileType = wrapper.application; includeInIndex = 0; path = Instagrid.app; sourceTree = BUILT_PRODUCTS_DIR; };
		574AC959263DB5A50048276B /* AppDelegate.swift */ = {isa = PBXFileReference; lastKnownFileType = sourcecode.swift; path = AppDelegate.swift; sourceTree = "<group>"; };
		574AC95B263DB5A50048276B /* SceneDelegate.swift */ = {isa = PBXFileReference; lastKnownFileType = sourcecode.swift; path = SceneDelegate.swift; sourceTree = "<group>"; };
		574AC95D263DB5A50048276B /* ViewController.swift */ = {isa = PBXFileReference; lastKnownFileType = sourcecode.swift; path = ViewController.swift; sourceTree = "<group>"; };
		574AC960263DB5A50048276B /* Base */ = {isa = PBXFileReference; lastKnownFileType = file.storyboard; name = Base; path = Base.lproj/Main.storyboard; sourceTree = "<group>"; };
		574AC962263DB5A60048276B /* Assets.xcassets */ = {isa = PBXFileReference; lastKnownFileType = folder.assetcatalog; path = Assets.xcassets; sourceTree = "<group>"; };
		574AC965263DB5A60048276B /* Base */ = {isa = PBXFileReference; lastKnownFileType = file.storyboard; name = Base; path = Base.lproj/LaunchScreen.storyboard; sourceTree = "<group>"; };
		574AC967263DB5A60048276B /* Info.plist */ = {isa = PBXFileReference; lastKnownFileType = text.plist.xml; path = Info.plist; sourceTree = "<group>"; };
		5767991F2657EFA200289D57 /* ThirstySoftRegular.otf */ = {isa = PBXFileReference; lastKnownFileType = file; path = ThirstySoftRegular.otf; sourceTree = "<group>"; };
		576799212657EFA900289D57 /* Delm-Medium.otf */ = {isa = PBXFileReference; lastKnownFileType = file; path = "Delm-Medium.otf"; sourceTree = "<group>"; };
		578E4CD62670BD3E00B58691 /* EnumDirection.swift */ = {isa = PBXFileReference; lastKnownFileType = sourcecode.swift; path = EnumDirection.swift; sourceTree = "<group>"; };
		578E4CD92670BF8F00B58691 /* UIImageExtension.swift */ = {isa = PBXFileReference; lastKnownFileType = sourcecode.swift; path = UIImageExtension.swift; sourceTree = "<group>"; };
/* End PBXFileReference section */

/* Begin PBXFrameworksBuildPhase section */
		574AC953263DB5A50048276B /* Frameworks */ = {
			isa = PBXFrameworksBuildPhase;
			buildActionMask = 2147483647;
			files = (
			);
			runOnlyForDeploymentPostprocessing = 0;
		};
/* End PBXFrameworksBuildPhase section */

/* Begin PBXGroup section */
		574AC94D263DB5A50048276B = {
			isa = PBXGroup;
			children = (
				574AC958263DB5A50048276B /* Instagrid */,
				574AC957263DB5A50048276B /* Products */,
			);
			sourceTree = "<group>";
		};
		574AC957263DB5A50048276B /* Products */ = {
			isa = PBXGroup;
			children = (
				574AC956263DB5A50048276B /* Instagrid.app */,
			);
			name = Products;
			sourceTree = "<group>";
		};
		574AC958263DB5A50048276B /* Instagrid */ = {
			isa = PBXGroup;
			children = (
				576799232658DD3A00289D57 /* Model */,
				576799242658DD4000289D57 /* View */,
				576799252658DD4700289D57 /* Controller */,
				578E4CD82670BF4B00B58691 /* Extensions */,
				578E4CE02670C3EA00B58691 /* Supporting Files */,
				574AC967263DB5A60048276B /* Info.plist */,
			);
			path = Instagrid;
			sourceTree = "<group>";
		};
		576799232658DD3A00289D57 /* Model */ = {
			isa = PBXGroup;
			children = (
				578E4CDD2670C11200B58691 /* Enums */,
			);
			path = Model;
			sourceTree = "<group>";
		};
		576799242658DD4000289D57 /* View */ = {
			isa = PBXGroup;
			children = (
				574AC95F263DB5A50048276B /* Main.storyboard */,
			);
			path = View;
			sourceTree = "<group>";
		};
		576799252658DD4700289D57 /* Controller */ = {
			isa = PBXGroup;
			children = (
				574AC95D263DB5A50048276B /* ViewController.swift */,
			);
			path = Controller;
			sourceTree = "<group>";
		};
		578E4CD82670BF4B00B58691 /* Extensions */ = {
			isa = PBXGroup;
			children = (
				578E4CD92670BF8F00B58691 /* UIImageExtension.swift */,
			);
			path = Extensions;
			sourceTree = "<group>";
		};
		578E4CDD2670C11200B58691 /* Enums */ = {
			isa = PBXGroup;
			children = (
				578E4CD62670BD3E00B58691 /* EnumDirection.swift */,
			);
			path = Enums;
			sourceTree = "<group>";
		};
		578E4CE02670C3EA00B58691 /* Supporting Files */ = {
			isa = PBXGroup;
			children = (
				574AC959263DB5A50048276B /* AppDelegate.swift */,
				574AC95B263DB5A50048276B /* SceneDelegate.swift */,
				574AC962263DB5A60048276B /* Assets.xcassets */,
				574AC964263DB5A60048276B /* LaunchScreen.storyboard */,
				5767991F2657EFA200289D57 /* ThirstySoftRegular.otf */,
				576799212657EFA900289D57 /* Delm-Medium.otf */,
			);
			path = "Supporting Files";
			sourceTree = "<group>";
		};
/* End PBXGroup section */

/* Begin PBXNativeTarget section */
		574AC955263DB5A50048276B /* Instagrid */ = {
			isa = PBXNativeTarget;
			buildConfigurationList = 574AC96A263DB5A60048276B /* Build configuration list for PBXNativeTarget "Instagrid" */;
			buildPhases = (
				574AC952263DB5A50048276B /* Sources */,
				574AC953263DB5A50048276B /* Frameworks */,
				574AC954263DB5A50048276B /* Resources */,
			);
			buildRules = (
			);
			dependencies = (
			);
			name = Instagrid;
			productName = Instagrid;
			productReference = 574AC956263DB5A50048276B /* Instagrid.app */;
			productType = "com.apple.product-type.application";
		};
/* End PBXNativeTarget section */

/* Begin PBXProject section */
		574AC94E263DB5A50048276B /* Project object */ = {
			isa = PBXProject;
			attributes = {
				LastSwiftUpdateCheck = 1250;
				LastUpgradeCheck = 1250;
				TargetAttributes = {
					574AC955263DB5A50048276B = {
						CreatedOnToolsVersion = 12.5;
					};
				};
			};
			buildConfigurationList = 574AC951263DB5A50048276B /* Build configuration list for PBXProject "Instagrid" */;
			compatibilityVersion = "Xcode 9.3";
			developmentRegion = en;
			hasScannedForEncodings = 0;
			knownRegions = (
				en,
				Base,
			);
			mainGroup = 574AC94D263DB5A50048276B;
			productRefGroup = 574AC957263DB5A50048276B /* Products */;
			projectDirPath = "";
			projectRoot = "";
			targets = (
				574AC955263DB5A50048276B /* Instagrid */,
			);
		};
/* End PBXProject section */

/* Begin PBXResourcesBuildPhase section */
		574AC954263DB5A50048276B /* Resources */ = {
			isa = PBXResourcesBuildPhase;
			buildActionMask = 2147483647;
			files = (
				574AC966263DB5A60048276B /* LaunchScreen.storyboard in Resources */,
				576799222657EFA900289D57 /* Delm-Medium.otf in Resources */,
				574AC963263DB5A60048276B /* Assets.xcassets in Resources */,
				576799202657EFA200289D57 /* ThirstySoftRegular.otf in Resources */,
				574AC961263DB5A50048276B /* Main.storyboard in Resources */,
			);
			runOnlyForDeploymentPostprocessing = 0;
		};
/* End PBXResourcesBuildPhase section */

/* Begin PBXSourcesBuildPhase section */
		574AC952263DB5A50048276B /* Sources */ = {
			isa = PBXSourcesBuildPhase;
			buildActionMask = 2147483647;
			files = (
				574AC95E263DB5A50048276B /* ViewController.swift in Sources */,
				574AC95A263DB5A50048276B /* AppDelegate.swift in Sources */,
				574AC95C263DB5A50048276B /* SceneDelegate.swift in Sources */,
				578E4CDA2670BF8F00B58691 /* UIImageExtension.swift in Sources */,
				578E4CD72670BD3E00B58691 /* EnumDirection.swift in Sources */,
			);
			runOnlyForDeploymentPostprocessing = 0;
		};
/* End PBXSourcesBuildPhase section */

/* Begin PBXVariantGroup section */
		574AC95F263DB5A50048276B /* Main.storyboard */ = {
			isa = PBXVariantGroup;
			children = (
				574AC960263DB5A50048276B /* Base */,
			);
			name = Main.storyboard;
			sourceTree = "<group>";
		};
		574AC964263DB5A60048276B /* LaunchScreen.storyboard */ = {
			isa = PBXVariantGroup;
			children = (
				574AC965263DB5A60048276B /* Base */,
			);
			name = LaunchScreen.storyboard;
			sourceTree = "<group>";
		};
/* End PBXVariantGroup section */

/* Begin XCBuildConfiguration section */
		574AC968263DB5A60048276B /* Debug */ = {
			isa = XCBuildConfiguration;
			buildSettings = {
				ALWAYS_SEARCH_USER_PATHS = NO;
				CLANG_ANALYZER_NONNULL = YES;
				CLANG_ANALYZER_NUMBER_OBJECT_CONVERSION = YES_AGGRESSIVE;
				CLANG_CXX_LANGUAGE_STANDARD = "gnu++14";
				CLANG_CXX_LIBRARY = "libc++";
				CLANG_ENABLE_MODULES = YES;
				CLANG_ENABLE_OBJC_ARC = YES;
				CLANG_ENABLE_OBJC_WEAK = YES;
				CLANG_WARN_BLOCK_CAPTURE_AUTORELEASING = YES;
				CLANG_WARN_BOOL_CONVERSION = YES;
				CLANG_WARN_COMMA = YES;
				CLANG_WARN_CONSTANT_CONVERSION = YES;
				CLANG_WARN_DEPRECATED_OBJC_IMPLEMENTATIONS = YES;
				CLANG_WARN_DIRECT_OBJC_ISA_USAGE = YES_ERROR;
				CLANG_WARN_DOCUMENTATION_COMMENTS = YES;
				CLANG_WARN_EMPTY_BODY = YES;
				CLANG_WARN_ENUM_CONVERSION = YES;
				CLANG_WARN_INFINITE_RECURSION = YES;
				CLANG_WARN_INT_CONVERSION = YES;
				CLANG_WARN_NON_LITERAL_NULL_CONVERSION = YES;
				CLANG_WARN_OBJC_IMPLICIT_RETAIN_SELF = YES;
				CLANG_WARN_OBJC_LITERAL_CONVERSION = YES;
				CLANG_WARN_OBJC_ROOT_CLASS = YES_ERROR;
				CLANG_WARN_QUOTED_INCLUDE_IN_FRAMEWORK_HEADER = YES;
				CLANG_WARN_RANGE_LOOP_ANALYSIS = YES;
				CLANG_WARN_STRICT_PROTOTYPES = YES;
				CLANG_WARN_SUSPICIOUS_MOVE = YES;
				CLANG_WARN_UNGUARDED_AVAILABILITY = YES_AGGRESSIVE;
				CLANG_WARN_UNREACHABLE_CODE = YES;
				CLANG_WARN__DUPLICATE_METHOD_MATCH = YES;
				COPY_PHASE_STRIP = NO;
				DEBUG_INFORMATION_FORMAT = dwarf;
				ENABLE_STRICT_OBJC_MSGSEND = YES;
				ENABLE_TESTABILITY = YES;
				GCC_C_LANGUAGE_STANDARD = gnu11;
				GCC_DYNAMIC_NO_PIC = NO;
				GCC_NO_COMMON_BLOCKS = YES;
				GCC_OPTIMIZATION_LEVEL = 0;
				GCC_PREPROCESSOR_DEFINITIONS = (
					"DEBUG=1",
					"$(inherited)",
				);
				GCC_WARN_64_TO_32_BIT_CONVERSION = YES;
				GCC_WARN_ABOUT_RETURN_TYPE = YES_ERROR;
				GCC_WARN_UNDECLARED_SELECTOR = YES;
				GCC_WARN_UNINITIALIZED_AUTOS = YES_AGGRESSIVE;
				GCC_WARN_UNUSED_FUNCTION = YES;
				GCC_WARN_UNUSED_VARIABLE = YES;
				IPHONEOS_DEPLOYMENT_TARGET = 11.0;
				MTL_ENABLE_DEBUG_INFO = INCLUDE_SOURCE;
				MTL_FAST_MATH = YES;
				ONLY_ACTIVE_ARCH = YES;
				SDKROOT = iphoneos;
				SWIFT_ACTIVE_COMPILATION_CONDITIONS = DEBUG;
				SWIFT_OPTIMIZATION_LEVEL = "-Onone";
			};
			name = Debug;
		};
		574AC969263DB5A60048276B /* Release */ = {
			isa = XCBuildConfiguration;
			buildSettings = {
				ALWAYS_SEARCH_USER_PATHS = NO;
				CLANG_ANALYZER_NONNULL = YES;
				CLANG_ANALYZER_NUMBER_OBJECT_CONVERSION = YES_AGGRESSIVE;
				CLANG_CXX_LANGUAGE_STANDARD = "gnu++14";
				CLANG_CXX_LIBRARY = "libc++";
				CLANG_ENABLE_MODULES = YES;
				CLANG_ENABLE_OBJC_ARC = YES;
				CLANG_ENABLE_OBJC_WEAK = YES;
				CLANG_WARN_BLOCK_CAPTURE_AUTORELEASING = YES;
				CLANG_WARN_BOOL_CONVERSION = YES;
				CLANG_WARN_COMMA = YES;
				CLANG_WARN_CONSTANT_CONVERSION = YES;
				CLANG_WARN_DEPRECATED_OBJC_IMPLEMENTATIONS = YES;
				CLANG_WARN_DIRECT_OBJC_ISA_USAGE = YES_ERROR;
				CLANG_WARN_DOCUMENTATION_COMMENTS = YES;
				CLANG_WARN_EMPTY_BODY = YES;
				CLANG_WARN_ENUM_CONVERSION = YES;
				CLANG_WARN_INFINITE_RECURSION = YES;
				CLANG_WARN_INT_CONVERSION = YES;
				CLANG_WARN_NON_LITERAL_NULL_CONVERSION = YES;
				CLANG_WARN_OBJC_IMPLICIT_RETAIN_SELF = YES;
				CLANG_WARN_OBJC_LITERAL_CONVERSION = YES;
				CLANG_WARN_OBJC_ROOT_CLASS = YES_ERROR;
				CLANG_WARN_QUOTED_INCLUDE_IN_FRAMEWORK_HEADER = YES;
				CLANG_WARN_RANGE_LOOP_ANALYSIS = YES;
				CLANG_WARN_STRICT_PROTOTYPES = YES;
				CLANG_WARN_SUSPICIOUS_MOVE = YES;
				CLANG_WARN_UNGUARDED_AVAILABILITY = YES_AGGRESSIVE;
				CLANG_WARN_UNREACHABLE_CODE = YES;
				CLANG_WARN__DUPLICATE_METHOD_MATCH = YES;
				COPY_PHASE_STRIP = NO;
				DEBUG_INFORMATION_FORMAT = "dwarf-with-dsym";
				ENABLE_NS_ASSERTIONS = NO;
				ENABLE_STRICT_OBJC_MSGSEND = YES;
				GCC_C_LANGUAGE_STANDARD = gnu11;
				GCC_NO_COMMON_BLOCKS = YES;
				GCC_WARN_64_TO_32_BIT_CONVERSION = YES;
				GCC_WARN_ABOUT_RETURN_TYPE = YES_ERROR;
				GCC_WARN_UNDECLARED_SELECTOR = YES;
				GCC_WARN_UNINITIALIZED_AUTOS = YES_AGGRESSIVE;
				GCC_WARN_UNUSED_FUNCTION = YES;
				GCC_WARN_UNUSED_VARIABLE = YES;
				IPHONEOS_DEPLOYMENT_TARGET = 11.0;
				MTL_ENABLE_DEBUG_INFO = NO;
				MTL_FAST_MATH = YES;
				SDKROOT = iphoneos;
				SWIFT_COMPILATION_MODE = wholemodule;
				SWIFT_OPTIMIZATION_LEVEL = "-O";
				VALIDATE_PRODUCT = YES;
			};
			name = Release;
		};
		574AC96B263DB5A60048276B /* Debug */ = {
			isa = XCBuildConfiguration;
			buildSettings = {
				ASSETCATALOG_COMPILER_APPICON_NAME = AppIcon;
				ASSETCATALOG_COMPILER_GLOBAL_ACCENT_COLOR_NAME = AccentColor;
				CODE_SIGN_STYLE = Automatic;
				DEVELOPMENT_TEAM = C56BCY6PTD;
				INFOPLIST_FILE = Instagrid/Info.plist;
				IPHONEOS_DEPLOYMENT_TARGET = 11.0;
				LD_RUNPATH_SEARCH_PATHS = (
					"$(inherited)",
					"@executable_path/Frameworks",
				);
				PRODUCT_BUNDLE_IDENTIFIER = com.sebios.Instagrid;
				PRODUCT_NAME = "$(TARGET_NAME)";
				SWIFT_VERSION = 5.0;
				TARGETED_DEVICE_FAMILY = 1;
			};
			name = Debug;
		};
		574AC96C263DB5A60048276B /* Release */ = {
			isa = XCBuildConfiguration;
			buildSettings = {
				ASSETCATALOG_COMPILER_APPICON_NAME = AppIcon;
				ASSETCATALOG_COMPILER_GLOBAL_ACCENT_COLOR_NAME = AccentColor;
				CODE_SIGN_STYLE = Automatic;
				DEVELOPMENT_TEAM = C56BCY6PTD;
				INFOPLIST_FILE = Instagrid/Info.plist;
				IPHONEOS_DEPLOYMENT_TARGET = 11.0;
				LD_RUNPATH_SEARCH_PATHS = (
					"$(inherited)",
					"@executable_path/Frameworks",
				);
				PRODUCT_BUNDLE_IDENTIFIER = com.sebios.Instagrid;
				PRODUCT_NAME = "$(TARGET_NAME)";
				SWIFT_VERSION = 5.0;
				TARGETED_DEVICE_FAMILY = 1;
			};
			name = Release;
		};
/* End XCBuildConfiguration section */

/* Begin XCConfigurationList section */
		574AC951263DB5A50048276B /* Build configuration list for PBXProject "Instagrid" */ = {
			isa = XCConfigurationList;
			buildConfigurations = (
				574AC968263DB5A60048276B /* Debug */,
				574AC969263DB5A60048276B /* Release */,
			);
			defaultConfigurationIsVisible = 0;
			defaultConfigurationName = Release;
		};
		574AC96A263DB5A60048276B /* Build configuration list for PBXNativeTarget "Instagrid" */ = {
			isa = XCConfigurationList;
			buildConfigurations = (
				574AC96B263DB5A60048276B /* Debug */,
				574AC96C263DB5A60048276B /* Release */,
			);
			defaultConfigurationIsVisible = 0;
			defaultConfigurationName = Release;
		};
/* End XCConfigurationList section */
	};
	rootObject = 574AC94E263DB5A50048276B /* Project object */;
}
